// !$*UTF8*$!
{
	archiveVersion = 1;
	classes = {
	};
	objectVersion = 56;
	objects = {

/* Begin PBXBuildFile section */
		78265AE72A857073006A56BB /* AppDelegate.swift in Sources */ = {isa = PBXBuildFile; fileRef = 78265AE62A857073006A56BB /* AppDelegate.swift */; };
		78265AE92A857073006A56BB /* SceneDelegate.swift in Sources */ = {isa = PBXBuildFile; fileRef = 78265AE82A857073006A56BB /* SceneDelegate.swift */; };
		78265AEB2A857073006A56BB /* ViewController.swift in Sources */ = {isa = PBXBuildFile; fileRef = 78265AEA2A857073006A56BB /* ViewController.swift */; };
		78265AEE2A857073006A56BB /* Main.storyboard in Resources */ = {isa = PBXBuildFile; fileRef = 78265AEC2A857073006A56BB /* Main.storyboard */; };
		78265AF02A857074006A56BB /* Assets.xcassets in Resources */ = {isa = PBXBuildFile; fileRef = 78265AEF2A857074006A56BB /* Assets.xcassets */; };
		78265AF32A857074006A56BB /* LaunchScreen.storyboard in Resources */ = {isa = PBXBuildFile; fileRef = 78265AF12A857074006A56BB /* LaunchScreen.storyboard */; };
		78265AFB2A857231006A56BB /* containerView.swift in Sources */ = {isa = PBXBuildFile; fileRef = 78265AFA2A857231006A56BB /* containerView.swift */; };
		78265AFD2A85731C006A56BB /* CustomTableViewCell.swift in Sources */ = {isa = PBXBuildFile; fileRef = 78265AFC2A85731C006A56BB /* CustomTableViewCell.swift */; };
/* End PBXBuildFile section */

/* Begin PBXFileReference section */
		78265AE32A857073006A56BB /* Bezier Paths and Shape Layers.app */ = {isa = PBXFileReference; explicitFileType = wrapper.application; includeInIndex = 0; path = "Bezier Paths and Shape Layers.app"; sourceTree = BUILT_PRODUCTS_DIR; };
		78265AE62A857073006A56BB /* AppDelegate.swift */ = {isa = PBXFileReference; lastKnownFileType = sourcecode.swift; path = AppDelegate.swift; sourceTree = "<group>"; };
		78265AE82A857073006A56BB /* SceneDelegate.swift */ = {isa = PBXFileReference; lastKnownFileType = sourcecode.swift; path = SceneDelegate.swift; sourceTree = "<group>"; };
		78265AEA2A857073006A56BB /* ViewController.swift */ = {isa = PBXFileReference; lastKnownFileType = sourcecode.swift; path = ViewController.swift; sourceTree = "<group>"; };
		78265AED2A857073006A56BB /* Base */ = {isa = PBXFileReference; lastKnownFileType = file.storyboard; name = Base; path = Base.lproj/Main.storyboard; sourceTree = "<group>"; };
		78265AEF2A857074006A56BB /* Assets.xcassets */ = {isa = PBXFileReference; lastKnownFileType = folder.assetcatalog; path = Assets.xcassets; sourceTree = "<group>"; };
		78265AF22A857074006A56BB /* Base */ = {isa = PBXFileReference; lastKnownFileType = file.storyboard; name = Base; path = Base.lproj/LaunchScreen.storyboard; sourceTree = "<group>"; };
		78265AF42A857074006A56BB /* Info.plist */ = {isa = PBXFileReference; lastKnownFileType = text.plist.xml; path = Info.plist; sourceTree = "<group>"; };
		78265AFA2A857231006A56BB /* containerView.swift */ = {isa = PBXFileReference; lastKnownFileType = sourcecode.swift; path = containerView.swift; sourceTree = "<group>"; };
		78265AFC2A85731C006A56BB /* CustomTableViewCell.swift */ = {isa = PBXFileReference; lastKnownFileType = sourcecode.swift; path = CustomTableViewCell.swift; sourceTree = "<group>"; };
/* End PBXFileReference section */

/* Begin PBXFrameworksBuildPhase section */
		78265AE02A857073006A56BB /* Frameworks */ = {
			isa = PBXFrameworksBuildPhase;
			buildActionMask = 2147483647;
			files = (
			);
			runOnlyForDeploymentPostprocessing = 0;
		};
/* End PBXFrameworksBuildPhase section */

/* Begin PBXGroup section */
		78265ADA2A857073006A56BB = {
			isa = PBXGroup;
			children = (
				78265AE52A857073006A56BB /* Bezier Paths and Shape Layers */,
				78265AE42A857073006A56BB /* Products */,
			);
			sourceTree = "<group>";
		};
		78265AE42A857073006A56BB /* Products */ = {
			isa = PBXGroup;
			children = (
				78265AE32A857073006A56BB /* Bezier Paths and Shape Layers.app */,
			);
			name = Products;
			sourceTree = "<group>";
		};
		78265AE52A857073006A56BB /* Bezier Paths and Shape Layers */ = {
			isa = PBXGroup;
			children = (
				78265AE62A857073006A56BB /* AppDelegate.swift */,
				78265AE82A857073006A56BB /* SceneDelegate.swift */,
				78265AEA2A857073006A56BB /* ViewController.swift */,
				78265AEC2A857073006A56BB /* Main.storyboard */,
				78265AFC2A85731C006A56BB /* CustomTableViewCell.swift */,
				78265AFA2A857231006A56BB /* containerView.swift */,
				78265AEF2A857074006A56BB /* Assets.xcassets */,
				78265AF12A857074006A56BB /* LaunchScreen.storyboard */,
				78265AF42A857074006A56BB /* Info.plist */,
			);
			path = "Bezier Paths and Shape Layers";
			sourceTree = "<group>";
		};
/* End PBXGroup section */

/* Begin PBXNativeTarget section */
		78265AE22A857073006A56BB /* Bezier Paths and Shape Layers */ = {
			isa = PBXNativeTarget;
			buildConfigurationList = 78265AF72A857074006A56BB /* Build configuration list for PBXNativeTarget "Bezier Paths and Shape Layers" */;
			buildPhases = (
				78265ADF2A857073006A56BB /* Sources */,
				78265AE02A857073006A56BB /* Frameworks */,
				78265AE12A857073006A56BB /* Resources */,
			);
			buildRules = (
			);
			dependencies = (
			);
			name = "Bezier Paths and Shape Layers";
			productName = "Bezier Paths and Shape Layers";
			productReference = 78265AE32A857073006A56BB /* Bezier Paths and Shape Layers.app */;
			productType = "com.apple.product-type.application";
		};
/* End PBXNativeTarget section */

/* Begin PBXProject section */
		78265ADB2A857073006A56BB /* Project object */ = {
			isa = PBXProject;
			attributes = {
				BuildIndependentTargetsInParallel = 1;
				LastSwiftUpdateCheck = 1430;
				LastUpgradeCheck = 1430;
				TargetAttributes = {
					78265AE22A857073006A56BB = {
						CreatedOnToolsVersion = 14.3.1;
					};
				};
			};
			buildConfigurationList = 78265ADE2A857073006A56BB /* Build configuration list for PBXProject "Bezier Paths and Shape Layers" */;
			compatibilityVersion = "Xcode 14.0";
			developmentRegion = en;
			hasScannedForEncodings = 0;
			knownRegions = (
				en,
				Base,
			);
			mainGroup = 78265ADA2A857073006A56BB;
			productRefGroup = 78265AE42A857073006A56BB /* Products */;
			projectDirPath = "";
			projectRoot = "";
			targets = (
				78265AE22A857073006A56BB /* Bezier Paths and Shape Layers */,
			);
		};
/* End PBXProject section */

/* Begin PBXResourcesBuildPhase section */
		78265AE12A857073006A56BB /* Resources */ = {
			isa = PBXResourcesBuildPhase;
			buildActionMask = 2147483647;
			files = (
				78265AF32A857074006A56BB /* LaunchScreen.storyboard in Resources */,
				78265AF02A857074006A56BB /* Assets.xcassets in Resources */,
				78265AEE2A857073006A56BB /* Main.storyboard in Resources */,
			);
			runOnlyForDeploymentPostprocessing = 0;
		};
/* End PBXResourcesBuildPhase section */

/* Begin PBXSourcesBuildPhase section */
		78265ADF2A857073006A56BB /* Sources */ = {
			isa = PBXSourcesBuildPhase;
			buildActionMask = 2147483647;
			files = (
				78265AFB2A857231006A56BB /* containerView.swift in Sources */,
				78265AFD2A85731C006A56BB /* CustomTableViewCell.swift in Sources */,
				78265AEB2A857073006A56BB /* ViewController.swift in Sources */,
				78265AE72A857073006A56BB /* AppDelegate.swift in Sources */,
				78265AE92A857073006A56BB /* SceneDelegate.swift in Sources */,
			);
			runOnlyForDeploymentPostprocessing = 0;
		};
/* End PBXSourcesBuildPhase section */

/* Begin PBXVariantGroup section */
		78265AEC2A857073006A56BB /* Main.storyboard */ = {
			isa = PBXVariantGroup;
			children = (
				78265AED2A857073006A56BB /* Base */,
			);
			name = Main.storyboard;
			sourceTree = "<group>";
		};
		78265AF12A857074006A56BB /* LaunchScreen.storyboard */ = {
			isa = PBXVariantGroup;
			children = (
				78265AF22A857074006A56BB /* Base */,
			);
			name = LaunchScreen.storyboard;
			sourceTree = "<group>";
		};
/* End PBXVariantGroup section */

/* Begin XCBuildConfiguration section */
		78265AF52A857074006A56BB /* Debug */ = {
			isa = XCBuildConfiguration;
			buildSettings = {
				ALWAYS_SEARCH_USER_PATHS = NO;
				CLANG_ANALYZER_NONNULL = YES;
				CLANG_ANALYZER_NUMBER_OBJECT_CONVERSION = YES_AGGRESSIVE;
				CLANG_CXX_LANGUAGE_STANDARD = "gnu++20";
				CLANG_ENABLE_MODULES = YES;
				CLANG_ENABLE_OBJC_ARC = YES;
				CLANG_ENABLE_OBJC_WEAK = YES;
				CLANG_WARN_BLOCK_CAPTURE_AUTORELEASING = YES;
				CLANG_WARN_BOOL_CONVERSION = YES;
				CLANG_WARN_COMMA = YES;
				CLANG_WARN_CONSTANT_CONVERSION = YES;
				CLANG_WARN_DEPRECATED_OBJC_IMPLEMENTATIONS = YES;
				CLANG_WARN_DIRECT_OBJC_ISA_USAGE = YES_ERROR;
				CLANG_WARN_DOCUMENTATION_COMMENTS = YES;
				CLANG_WARN_EMPTY_BODY = YES;
				CLANG_WARN_ENUM_CONVERSION = YES;
				CLANG_WARN_INFINITE_RECURSION = YES;
				CLANG_WARN_INT_CONVERSION = YES;
				CLANG_WARN_NON_LITERAL_NULL_CONVERSION = YES;
				CLANG_WARN_OBJC_IMPLICIT_RETAIN_SELF = YES;
				CLANG_WARN_OBJC_LITERAL_CONVERSION = YES;
				CLANG_WARN_OBJC_ROOT_CLASS = YES_ERROR;
				CLANG_WARN_QUOTED_INCLUDE_IN_FRAMEWORK_HEADER = YES;
				CLANG_WARN_RANGE_LOOP_ANALYSIS = YES;
				CLANG_WARN_STRICT_PROTOTYPES = YES;
				CLANG_WARN_SUSPICIOUS_MOVE = YES;
				CLANG_WARN_UNGUARDED_AVAILABILITY = YES_AGGRESSIVE;
				CLANG_WARN_UNREACHABLE_CODE = YES;
				CLANG_WARN__DUPLICATE_METHOD_MATCH = YES;
				COPY_PHASE_STRIP = NO;
				DEBUG_INFORMATION_FORMAT = dwarf;
				ENABLE_STRICT_OBJC_MSGSEND = YES;
				ENABLE_TESTABILITY = YES;
				GCC_C_LANGUAGE_STANDARD = gnu11;
				GCC_DYNAMIC_NO_PIC = NO;
				GCC_NO_COMMON_BLOCKS = YES;
				GCC_OPTIMIZATION_LEVEL = 0;
				GCC_PREPROCESSOR_DEFINITIONS = (
					"DEBUG=1",
					"$(inherited)",
				);
				GCC_WARN_64_TO_32_BIT_CONVERSION = YES;
				GCC_WARN_ABOUT_RETURN_TYPE = YES_ERROR;
				GCC_WARN_UNDECLARED_SELECTOR = YES;
				GCC_WARN_UNINITIALIZED_AUTOS = YES_AGGRESSIVE;
				GCC_WARN_UNUSED_FUNCTION = YES;
				GCC_WARN_UNUSED_VARIABLE = YES;
				IPHONEOS_DEPLOYMENT_TARGET = 16.4;
				MTL_ENABLE_DEBUG_INFO = INCLUDE_SOURCE;
				MTL_FAST_MATH = YES;
				ONLY_ACTIVE_ARCH = YES;
				SDKROOT = iphoneos;
				SWIFT_ACTIVE_COMPILATION_CONDITIONS = DEBUG;
				SWIFT_OPTIMIZATION_LEVEL = "-Onone";
			};
			name = Debug;
		};
		78265AF62A857074006A56BB /* Release */ = {
			isa = XCBuildConfiguration;
			buildSettings = {
				ALWAYS_SEARCH_USER_PATHS = NO;
				CLANG_ANALYZER_NONNULL = YES;
				CLANG_ANALYZER_NUMBER_OBJECT_CONVERSION = YES_AGGRESSIVE;
				CLANG_CXX_LANGUAGE_STANDARD = "gnu++20";
				CLANG_ENABLE_MODULES = YES;
				CLANG_ENABLE_OBJC_ARC = YES;
				CLANG_ENABLE_OBJC_WEAK = YES;
				CLANG_WARN_BLOCK_CAPTURE_AUTORELEASING = YES;
				CLANG_WARN_BOOL_CONVERSION = YES;
				CLANG_WARN_COMMA = YES;
				CLANG_WARN_CONSTANT_CONVERSION = YES;
				CLANG_WARN_DEPRECATED_OBJC_IMPLEMENTATIONS = YES;
				CLANG_WARN_DIRECT_OBJC_ISA_USAGE = YES_ERROR;
				CLANG_WARN_DOCUMENTATION_COMMENTS = YES;
				CLANG_WARN_EMPTY_BODY = YES;
				CLANG_WARN_ENUM_CONVERSION = YES;
				CLANG_WARN_INFINITE_RECURSION = YES;
				CLANG_WARN_INT_CONVERSION = YES;
				CLANG_WARN_NON_LITERAL_NULL_CONVERSION = YES;
				CLANG_WARN_OBJC_IMPLICIT_RETAIN_SELF = YES;
				CLANG_WARN_OBJC_LITERAL_CONVERSION = YES;
				CLANG_WARN_OBJC_ROOT_CLASS = YES_ERROR;
				CLANG_WARN_QUOTED_INCLUDE_IN_FRAMEWORK_HEADER = YES;
				CLANG_WARN_RANGE_LOOP_ANALYSIS = YES;
				CLANG_WARN_STRICT_PROTOTYPES = YES;
				CLANG_WARN_SUSPICIOUS_MOVE = YES;
				CLANG_WARN_UNGUARDED_AVAILABILITY = YES_AGGRESSIVE;
				CLANG_WARN_UNREACHABLE_CODE = YES;
				CLANG_WARN__DUPLICATE_METHOD_MATCH = YES;
				COPY_PHASE_STRIP = NO;
				DEBUG_INFORMATION_FORMAT = "dwarf-with-dsym";
				ENABLE_NS_ASSERTIONS = NO;
				ENABLE_STRICT_OBJC_MSGSEND = YES;
				GCC_C_LANGUAGE_STANDARD = gnu11;
				GCC_NO_COMMON_BLOCKS = YES;
				GCC_WARN_64_TO_32_BIT_CONVERSION = YES;
				GCC_WARN_ABOUT_RETURN_TYPE = YES_ERROR;
				GCC_WARN_UNDECLARED_SELECTOR = YES;
				GCC_WARN_UNINITIALIZED_AUTOS = YES_AGGRESSIVE;
				GCC_WARN_UNUSED_FUNCTION = YES;
				GCC_WARN_UNUSED_VARIABLE = YES;
				IPHONEOS_DEPLOYMENT_TARGET = 16.4;
				MTL_ENABLE_DEBUG_INFO = NO;
				MTL_FAST_MATH = YES;
				SDKROOT = iphoneos;
				SWIFT_COMPILATION_MODE = wholemodule;
				SWIFT_OPTIMIZATION_LEVEL = "-O";
				VALIDATE_PRODUCT = YES;
			};
			name = Release;
		};
		78265AF82A857074006A56BB /* Debug */ = {
			isa = XCBuildConfiguration;
			buildSettings = {
				ASSETCATALOG_COMPILER_APPICON_NAME = AppIcon;
				ASSETCATALOG_COMPILER_GLOBAL_ACCENT_COLOR_NAME = AccentColor;
				CODE_SIGN_STYLE = Automatic;
				CURRENT_PROJECT_VERSION = 1;
				DEVELOPMENT_TEAM = K4A9T7D84R;
				GENERATE_INFOPLIST_FILE = YES;
				INFOPLIST_FILE = "Bezier Paths and Shape Layers/Info.plist";
				INFOPLIST_KEY_UIApplicationSupportsIndirectInputEvents = YES;
				INFOPLIST_KEY_UILaunchStoryboardName = LaunchScreen;
				INFOPLIST_KEY_UIMainStoryboardFile = Main;
				INFOPLIST_KEY_UISupportedInterfaceOrientations_iPad = "UIInterfaceOrientationPortrait UIInterfaceOrientationPortraitUpsideDown UIInterfaceOrientationLandscapeLeft UIInterfaceOrientationLandscapeRight";
				INFOPLIST_KEY_UISupportedInterfaceOrientations_iPhone = "UIInterfaceOrientationPortrait UIInterfaceOrientationLandscapeLeft UIInterfaceOrientationLandscapeRight";
				LD_RUNPATH_SEARCH_PATHS = (
					"$(inherited)",
					"@executable_path/Frameworks",
				);
				MARKETING_VERSION = 1.0;
				PRODUCT_BUNDLE_IDENTIFIER = "com.TR.Bezier-Paths-and-Shape-Layers";
				PRODUCT_NAME = "$(TARGET_NAME)";
				SWIFT_EMIT_LOC_STRINGS = YES;
				SWIFT_VERSION = 5.0;
				TARGETED_DEVICE_FAMILY = "1,2";
			};
			name = Debug;
		};
		78265AF92A857074006A56BB /* Release */ = {
			isa = XCBuildConfiguration;
			buildSettings = {
				ASSETCATALOG_COMPILER_APPICON_NAME = AppIcon;
				ASSETCATALOG_COMPILER_GLOBAL_ACCENT_COLOR_NAME = AccentColor;
				CODE_SIGN_STYLE = Automatic;
				CURRENT_PROJECT_VERSION = 1;
				DEVELOPMENT_TEAM = K4A9T7D84R;
				GENERATE_INFOPLIST_FILE = YES;
				INFOPLIST_FILE = "Bezier Paths and Shape Layers/Info.plist";
				INFOPLIST_KEY_UIApplicationSupportsIndirectInputEvents = YES;
				INFOPLIST_KEY_UILaunchStoryboardName = LaunchScreen;
				INFOPLIST_KEY_UIMainStoryboardFile = Main;
				INFOPLIST_KEY_UISupportedInterfaceOrientations_iPad = "UIInterfaceOrientationPortrait UIInterfaceOrientationPortraitUpsideDown UIInterfaceOrientationLandscapeLeft UIInterfaceOrientationLandscapeRight";
				INFOPLIST_KEY_UISupportedInterfaceOrientations_iPhone = "UIInterfaceOrientationPortrait UIInterfaceOrientationLandscapeLeft UIInterfaceOrientationLandscapeRight";
				LD_RUNPATH_SEARCH_PATHS = (
					"$(inherited)",
					"@executable_path/Frameworks",
				);
				MARKETING_VERSION = 1.0;
				PRODUCT_BUNDLE_IDENTIFIER = "com.TR.Bezier-Paths-and-Shape-Layers";
				PRODUCT_NAME = "$(TARGET_NAME)";
				SWIFT_EMIT_LOC_STRINGS = YES;
				SWIFT_VERSION = 5.0;
				TARGETED_DEVICE_FAMILY = "1,2";
			};
			name = Release;
		};
/* End XCBuildConfiguration section */

/* Begin XCConfigurationList section */
		78265ADE2A857073006A56BB /* Build configuration list for PBXProject "Bezier Paths and Shape Layers" */ = {
			isa = XCConfigurationList;
			buildConfigurations = (
				78265AF52A857074006A56BB /* Debug */,
				78265AF62A857074006A56BB /* Release */,
			);
			defaultConfigurationIsVisible = 0;
			defaultConfigurationName = Release;
		};
		78265AF72A857074006A56BB /* Build configuration list for PBXNativeTarget "Bezier Paths and Shape Layers" */ = {
			isa = XCConfigurationList;
			buildConfigurations = (
				78265AF82A857074006A56BB /* Debug */,
				78265AF92A857074006A56BB /* Release */,
			);
			defaultConfigurationIsVisible = 0;
			defaultConfigurationName = Release;
		};
/* End XCConfigurationList section */
	};
	rootObject = 78265ADB2A857073006A56BB /* Project object */;
}
